# This file is automatically @generated by Cargo.
# It is not intended for manual editing.
version = 3

[[package]]
name = "cabocha"
version = "0.2.0"
source = "registry+https://github.com/rust-lang/crates.io-index"
checksum = "50dc7377caad314d5bc667343a763995a0c1c3488dc6a9ad1af80a8154957d1f"
dependencies = [
 "libc",
]

[[package]]
name = "cabocha-package"
version = "0.1.0"
dependencies = [
 "cabocha",
]

[[package]]
name = "libc"
version = "0.2.146"
source = "registry+https://github.com/rust-lang/crates.io-index"
checksum = "f92be4933c13fd498862a9e02a3055f8a8d9c039ce33db97306fd5a6caa7f29b"
